// !$*UTF8*$!
{
	archiveVersion = 1;
	classes = {
	};
	objectVersion = 50;
	objects = {

/* Begin PBXBuildFile section */
		7A0AFC7A25A0A08E00724F8A /* Contents.json in Resources */ = {isa = PBXBuildFile; fileRef = 7A0AFC7925A0A08E00724F8A /* Contents.json */; };
		7A0AFC8E25A0A52D00724F8A /* landmarkData.json in Resources */ = {isa = PBXBuildFile; fileRef = 7A0AFC8D25A0A52D00724F8A /* landmarkData.json */; };
		7A0AFC9325A0A76D00724F8A /* CategoryItem.swift in Sources */ = {isa = PBXBuildFile; fileRef = 7A0AFC9225A0A76D00724F8A /* CategoryItem.swift */; };
		7A0AFC9825A1F0A100724F8A /* Profile.swift in Sources */ = {isa = PBXBuildFile; fileRef = 7A0AFC9725A1F0A100724F8A /* Profile.swift */; };
		7A0AFCA125A1F0E300724F8A /* ProfileHost.swift in Sources */ = {isa = PBXBuildFile; fileRef = 7A0AFCA025A1F0E300724F8A /* ProfileHost.swift */; };
		7A0AFCA625A1F13E00724F8A /* ProfileSummary.swift in Sources */ = {isa = PBXBuildFile; fileRef = 7A0AFCA525A1F13E00724F8A /* ProfileSummary.swift */; };
		7A0AFCAC25A1F28D00724F8A /* HikeBadge.swift in Sources */ = {isa = PBXBuildFile; fileRef = 7A0AFCAB25A1F28D00724F8A /* HikeBadge.swift */; };
		7A0AFCB925A1F38300724F8A /* BadgeBackground.swift in Sources */ = {isa = PBXBuildFile; fileRef = 7A0AFCB425A1F38200724F8A /* BadgeBackground.swift */; };
		7A0AFCBA25A1F38300724F8A /* Badge.swift in Sources */ = {isa = PBXBuildFile; fileRef = 7A0AFCB525A1F38200724F8A /* Badge.swift */; };
		7A0AFCBB25A1F38300724F8A /* BadgeSymbol.swift in Sources */ = {isa = PBXBuildFile; fileRef = 7A0AFCB625A1F38200724F8A /* BadgeSymbol.swift */; };
		7A0AFCBC25A1F38300724F8A /* HexagonParameters.swift in Sources */ = {isa = PBXBuildFile; fileRef = 7A0AFCB725A1F38200724F8A /* HexagonParameters.swift */; };
		7A0AFCBD25A1F38300724F8A /* RotatedBadgeSymbol.swift in Sources */ = {isa = PBXBuildFile; fileRef = 7A0AFCB825A1F38300724F8A /* RotatedBadgeSymbol.swift */; };
		7A0AFCC825A1F55700724F8A /* HikeGraph.swift in Sources */ = {isa = PBXBuildFile; fileRef = 7A0AFCC425A1F55700724F8A /* HikeGraph.swift */; };
		7A0AFCC925A1F55700724F8A /* HikeDetail.swift in Sources */ = {isa = PBXBuildFile; fileRef = 7A0AFCC525A1F55700724F8A /* HikeDetail.swift */; };
		7A0AFCCA25A1F55700724F8A /* HikeView.swift in Sources */ = {isa = PBXBuildFile; fileRef = 7A0AFCC625A1F55700724F8A /* HikeView.swift */; };
		7A0AFCCB25A1F55700724F8A /* GraphCapsule.swift in Sources */ = {isa = PBXBuildFile; fileRef = 7A0AFCC725A1F55700724F8A /* GraphCapsule.swift */; };
		7A0AFCD025A1F57500724F8A /* Hike.swift in Sources */ = {isa = PBXBuildFile; fileRef = 7A0AFCCF25A1F57500724F8A /* Hike.swift */; };
		7A0AFCD525A1F58900724F8A /* ModelData.swift in Sources */ = {isa = PBXBuildFile; fileRef = 7A0AFCD425A1F58900724F8A /* ModelData.swift */; };
		7A0AFCDD25A1F64400724F8A /* hikeData.json in Resources */ = {isa = PBXBuildFile; fileRef = 7A0AFCDC25A1F64300724F8A /* hikeData.json */; };
		7A0AFCE225A1F8D100724F8A /* ProfileEditor.swift in Sources */ = {isa = PBXBuildFile; fileRef = 7A0AFCE125A1F8D100724F8A /* ProfileEditor.swift */; };
		7A10A7FA259F5F5400677858 /* CategoryHome.swift in Sources */ = {isa = PBXBuildFile; fileRef = 7A10A7F9259F5F5400677858 /* CategoryHome.swift */; };
		7A4D35F0257100EC004B2A6F /* LandmarkRow.swift in Sources */ = {isa = PBXBuildFile; fileRef = 7A4D35EF257100EC004B2A6F /* LandmarkRow.swift */; };
		7A6E4388256FB8E5003DEE18 /* LandmarksApp.swift in Sources */ = {isa = PBXBuildFile; fileRef = 7A6E4387256FB8E5003DEE18 /* LandmarksApp.swift */; };
		7A6E438C256FB8E6003DEE18 /* Assets.xcassets in Resources */ = {isa = PBXBuildFile; fileRef = 7A6E438B256FB8E6003DEE18 /* Assets.xcassets */; };
		7A6E438F256FB8E6003DEE18 /* Preview Assets.xcassets in Resources */ = {isa = PBXBuildFile; fileRef = 7A6E438E256FB8E6003DEE18 /* Preview Assets.xcassets */; };
		7A6E439A256FB8E6003DEE18 /* LandmarksTests.swift in Sources */ = {isa = PBXBuildFile; fileRef = 7A6E4399256FB8E6003DEE18 /* LandmarksTests.swift */; };
		7A6E43A5256FB8E6003DEE18 /* LandmarksUITests.swift in Sources */ = {isa = PBXBuildFile; fileRef = 7A6E43A4256FB8E6003DEE18 /* LandmarksUITests.swift */; };
		7A6E43BE256FBC75003DEE18 /* CircleImage.swift in Sources */ = {isa = PBXBuildFile; fileRef = 7A6E43BD256FBC75003DEE18 /* CircleImage.swift */; };
		7A6E43C3256FC87B003DEE18 /* MapView.swift in Sources */ = {isa = PBXBuildFile; fileRef = 7A6E43C2256FC87B003DEE18 /* MapView.swift */; };
		7AAC827E2570DA0800CB12E0 /* Landmark.swift in Sources */ = {isa = PBXBuildFile; fileRef = 7AAC827D2570DA0800CB12E0 /* Landmark.swift */; };
		7AAEF8FB259B5E890032B99F /* LandmarkDetail.swift in Sources */ = {isa = PBXBuildFile; fileRef = 7AAEF8FA259B5E890032B99F /* LandmarkDetail.swift */; };
		7AAEF900259B68EB0032B99F /* FavoriteButton.swift in Sources */ = {isa = PBXBuildFile; fileRef = 7AAEF8FF259B68EB0032B99F /* FavoriteButton.swift */; };
		7ACC5847259F666E009240A5 /* CategoryRow.swift in Sources */ = {isa = PBXBuildFile; fileRef = 7ACC5846259F666E009240A5 /* CategoryRow.swift */; };
		7AECD4E8259B50F800193F42 /* ContentView.swift in Sources */ = {isa = PBXBuildFile; fileRef = 7AECD4E7259B50F800193F42 /* ContentView.swift */; };
		7AECD514259B59BC00193F42 /* LandmarkList.swift in Sources */ = {isa = PBXBuildFile; fileRef = 7AECD513259B59BC00193F42 /* LandmarkList.swift */; };
/* End PBXBuildFile section */

/* Begin PBXContainerItemProxy section */
		7A6E4396256FB8E6003DEE18 /* PBXContainerItemProxy */ = {
			isa = PBXContainerItemProxy;
			containerPortal = 7A6E437C256FB8E5003DEE18 /* Project object */;
			proxyType = 1;
			remoteGlobalIDString = 7A6E4383256FB8E5003DEE18;
			remoteInfo = Landmarks;
		};
		7A6E43A1256FB8E6003DEE18 /* PBXContainerItemProxy */ = {
			isa = PBXContainerItemProxy;
			containerPortal = 7A6E437C256FB8E5003DEE18 /* Project object */;
			proxyType = 1;
			remoteGlobalIDString = 7A6E4383256FB8E5003DEE18;
			remoteInfo = Landmarks;
		};
/* End PBXContainerItemProxy section */

/* Begin PBXFileReference section */
		7A0AFC7925A0A08E00724F8A /* Contents.json */ = {isa = PBXFileReference; fileEncoding = 4; lastKnownFileType = text.json; path = Contents.json; sourceTree = "<group>"; };
		7A0AFC8D25A0A52D00724F8A /* landmarkData.json */ = {isa = PBXFileReference; fileEncoding = 4; lastKnownFileType = text.json; name = landmarkData.json; path = "../../../../Downloads/DrawingPathsAndShapes (1)/Complete/Landmarks/Resources/landmarkData.json"; sourceTree = "<group>"; };
		7A0AFC9225A0A76D00724F8A /* CategoryItem.swift */ = {isa = PBXFileReference; lastKnownFileType = sourcecode.swift; path = CategoryItem.swift; sourceTree = "<group>"; };
		7A0AFC9725A1F0A100724F8A /* Profile.swift */ = {isa = PBXFileReference; lastKnownFileType = sourcecode.swift; path = Profile.swift; sourceTree = "<group>"; };
		7A0AFCA025A1F0E300724F8A /* ProfileHost.swift */ = {isa = PBXFileReference; lastKnownFileType = sourcecode.swift; path = ProfileHost.swift; sourceTree = "<group>"; };
		7A0AFCA525A1F13E00724F8A /* ProfileSummary.swift */ = {isa = PBXFileReference; lastKnownFileType = sourcecode.swift; path = ProfileSummary.swift; sourceTree = "<group>"; };
		7A0AFCAB25A1F28D00724F8A /* HikeBadge.swift */ = {isa = PBXFileReference; lastKnownFileType = sourcecode.swift; path = HikeBadge.swift; sourceTree = "<group>"; };
		7A0AFCB425A1F38200724F8A /* BadgeBackground.swift */ = {isa = PBXFileReference; fileEncoding = 4; lastKnownFileType = sourcecode.swift; path = BadgeBackground.swift; sourceTree = "<group>"; };
		7A0AFCB525A1F38200724F8A /* Badge.swift */ = {isa = PBXFileReference; fileEncoding = 4; lastKnownFileType = sourcecode.swift; path = Badge.swift; sourceTree = "<group>"; };
		7A0AFCB625A1F38200724F8A /* BadgeSymbol.swift */ = {isa = PBXFileReference; fileEncoding = 4; lastKnownFileType = sourcecode.swift; path = BadgeSymbol.swift; sourceTree = "<group>"; };
		7A0AFCB725A1F38200724F8A /* HexagonParameters.swift */ = {isa = PBXFileReference; fileEncoding = 4; lastKnownFileType = sourcecode.swift; path = HexagonParameters.swift; sourceTree = "<group>"; };
		7A0AFCB825A1F38300724F8A /* RotatedBadgeSymbol.swift */ = {isa = PBXFileReference; fileEncoding = 4; lastKnownFileType = sourcecode.swift; path = RotatedBadgeSymbol.swift; sourceTree = "<group>"; };
		7A0AFCC425A1F55700724F8A /* HikeGraph.swift */ = {isa = PBXFileReference; fileEncoding = 4; lastKnownFileType = sourcecode.swift; path = HikeGraph.swift; sourceTree = "<group>"; };
		7A0AFCC525A1F55700724F8A /* HikeDetail.swift */ = {isa = PBXFileReference; fileEncoding = 4; lastKnownFileType = sourcecode.swift; path = HikeDetail.swift; sourceTree = "<group>"; };
		7A0AFCC625A1F55700724F8A /* HikeView.swift */ = {isa = PBXFileReference; fileEncoding = 4; lastKnownFileType = sourcecode.swift; path = HikeView.swift; sourceTree = "<group>"; };
		7A0AFCC725A1F55700724F8A /* GraphCapsule.swift */ = {isa = PBXFileReference; fileEncoding = 4; lastKnownFileType = sourcecode.swift; path = GraphCapsule.swift; sourceTree = "<group>"; };
		7A0AFCCF25A1F57500724F8A /* Hike.swift */ = {isa = PBXFileReference; fileEncoding = 4; lastKnownFileType = sourcecode.swift; path = Hike.swift; sourceTree = "<group>"; };
		7A0AFCD425A1F58900724F8A /* ModelData.swift */ = {isa = PBXFileReference; fileEncoding = 4; lastKnownFileType = sourcecode.swift; name = ModelData.swift; path = ../../../../Downloads/WorkingWithUIControls/StartingPoint/Landmarks/Model/ModelData.swift; sourceTree = "<group>"; };
		7A0AFCDC25A1F64300724F8A /* hikeData.json */ = {isa = PBXFileReference; fileEncoding = 4; lastKnownFileType = text.json; path = hikeData.json; sourceTree = "<group>"; };
		7A0AFCE125A1F8D100724F8A /* ProfileEditor.swift */ = {isa = PBXFileReference; lastKnownFileType = sourcecode.swift; path = ProfileEditor.swift; sourceTree = "<group>"; };
		7A10A7F9259F5F5400677858 /* CategoryHome.swift */ = {isa = PBXFileReference; lastKnownFileType = sourcecode.swift; path = CategoryHome.swift; sourceTree = "<group>"; };
		7A4D35EF257100EC004B2A6F /* LandmarkRow.swift */ = {isa = PBXFileReference; lastKnownFileType = sourcecode.swift; path = LandmarkRow.swift; sourceTree = "<group>"; };
		7A6E4384256FB8E5003DEE18 /* Landmarks.app */ = {isa = PBXFileReference; explicitFileType = wrapper.application; includeInIndex = 0; path = Landmarks.app; sourceTree = BUILT_PRODUCTS_DIR; };
		7A6E4387256FB8E5003DEE18 /* LandmarksApp.swift */ = {isa = PBXFileReference; lastKnownFileType = sourcecode.swift; path = LandmarksApp.swift; sourceTree = "<group>"; };
		7A6E438B256FB8E6003DEE18 /* Assets.xcassets */ = {isa = PBXFileReference; lastKnownFileType = folder.assetcatalog; path = Assets.xcassets; sourceTree = "<group>"; };
		7A6E438E256FB8E6003DEE18 /* Preview Assets.xcassets */ = {isa = PBXFileReference; lastKnownFileType = folder.assetcatalog; path = "Preview Assets.xcassets"; sourceTree = "<group>"; };
		7A6E4390256FB8E6003DEE18 /* Info.plist */ = {isa = PBXFileReference; lastKnownFileType = text.plist.xml; path = Info.plist; sourceTree = "<group>"; };
		7A6E4395256FB8E6003DEE18 /* LandmarksTests.xctest */ = {isa = PBXFileReference; explicitFileType = wrapper.cfbundle; includeInIndex = 0; path = LandmarksTests.xctest; sourceTree = BUILT_PRODUCTS_DIR; };
		7A6E4399256FB8E6003DEE18 /* LandmarksTests.swift */ = {isa = PBXFileReference; lastKnownFileType = sourcecode.swift; path = LandmarksTests.swift; sourceTree = "<group>"; };
		7A6E439B256FB8E6003DEE18 /* Info.plist */ = {isa = PBXFileReference; lastKnownFileType = text.plist.xml; path = Info.plist; sourceTree = "<group>"; };
		7A6E43A0256FB8E6003DEE18 /* LandmarksUITests.xctest */ = {isa = PBXFileReference; explicitFileType = wrapper.cfbundle; includeInIndex = 0; path = LandmarksUITests.xctest; sourceTree = BUILT_PRODUCTS_DIR; };
		7A6E43A4256FB8E6003DEE18 /* LandmarksUITests.swift */ = {isa = PBXFileReference; lastKnownFileType = sourcecode.swift; path = LandmarksUITests.swift; sourceTree = "<group>"; };
		7A6E43A6256FB8E6003DEE18 /* Info.plist */ = {isa = PBXFileReference; lastKnownFileType = text.plist.xml; path = Info.plist; sourceTree = "<group>"; };
		7A6E43BD256FBC75003DEE18 /* CircleImage.swift */ = {isa = PBXFileReference; lastKnownFileType = sourcecode.swift; path = CircleImage.swift; sourceTree = "<group>"; };
		7A6E43C2256FC87B003DEE18 /* MapView.swift */ = {isa = PBXFileReference; lastKnownFileType = sourcecode.swift; path = MapView.swift; sourceTree = "<group>"; };
		7AAC827D2570DA0800CB12E0 /* Landmark.swift */ = {isa = PBXFileReference; lastKnownFileType = sourcecode.swift; path = Landmark.swift; sourceTree = "<group>"; };
		7AAEF8FA259B5E890032B99F /* LandmarkDetail.swift */ = {isa = PBXFileReference; lastKnownFileType = sourcecode.swift; path = LandmarkDetail.swift; sourceTree = "<group>"; };
		7AAEF8FF259B68EB0032B99F /* FavoriteButton.swift */ = {isa = PBXFileReference; lastKnownFileType = sourcecode.swift; path = FavoriteButton.swift; sourceTree = "<group>"; };
		7ACC5846259F666E009240A5 /* CategoryRow.swift */ = {isa = PBXFileReference; lastKnownFileType = sourcecode.swift; path = CategoryRow.swift; sourceTree = "<group>"; };
		7AECD4E7259B50F800193F42 /* ContentView.swift */ = {isa = PBXFileReference; lastKnownFileType = sourcecode.swift; path = ContentView.swift; sourceTree = "<group>"; };
		7AECD513259B59BC00193F42 /* LandmarkList.swift */ = {isa = PBXFileReference; lastKnownFileType = sourcecode.swift; name = LandmarkList.swift; path = Landmarks/Views/Landmarks/LandmarkList.swift; sourceTree = SOURCE_ROOT; };
/* End PBXFileReference section */

/* Begin PBXFrameworksBuildPhase section */
		7A6E4381256FB8E5003DEE18 /* Frameworks */ = {
			isa = PBXFrameworksBuildPhase;
			buildActionMask = 2147483647;
			files = (
			);
			runOnlyForDeploymentPostprocessing = 0;
		};
		7A6E4392256FB8E6003DEE18 /* Frameworks */ = {
			isa = PBXFrameworksBuildPhase;
			buildActionMask = 2147483647;
			files = (
			);
			runOnlyForDeploymentPostprocessing = 0;
		};
		7A6E439D256FB8E6003DEE18 /* Frameworks */ = {
			isa = PBXFrameworksBuildPhase;
			buildActionMask = 2147483647;
			files = (
			);
			runOnlyForDeploymentPostprocessing = 0;
		};
/* End PBXFrameworksBuildPhase section */

/* Begin PBXGroup section */
		7A0AFC9F25A1F0D100724F8A /* Profiles */ = {
			isa = PBXGroup;
			children = (
				7A0AFCE125A1F8D100724F8A /* ProfileEditor.swift */,
				7A0AFCA025A1F0E300724F8A /* ProfileHost.swift */,
				7A0AFCA525A1F13E00724F8A /* ProfileSummary.swift */,
			);
			path = Profiles;
			sourceTree = "<group>";
		};
		7A0AFCAA25A1F27A00724F8A /* Hikes */ = {
			isa = PBXGroup;
			children = (
				7A0AFCC725A1F55700724F8A /* GraphCapsule.swift */,
				7A0AFCC525A1F55700724F8A /* HikeDetail.swift */,
				7A0AFCC425A1F55700724F8A /* HikeGraph.swift */,
				7A0AFCC625A1F55700724F8A /* HikeView.swift */,
				7A0AFCAB25A1F28D00724F8A /* HikeBadge.swift */,
			);
			path = Hikes;
			sourceTree = "<group>";
		};
		7A0AFCB325A1F37A00724F8A /* Badges */ = {
			isa = PBXGroup;
			children = (
				7A0AFCB525A1F38200724F8A /* Badge.swift */,
				7A0AFCB425A1F38200724F8A /* BadgeBackground.swift */,
				7A0AFCB625A1F38200724F8A /* BadgeSymbol.swift */,
				7A0AFCB725A1F38200724F8A /* HexagonParameters.swift */,
				7A0AFCB825A1F38300724F8A /* RotatedBadgeSymbol.swift */,
			);
			path = Badges;
			sourceTree = "<group>";
		};
		7A10A7F8259F5F3800677858 /* Categories */ = {
			isa = PBXGroup;
			children = (
				7A10A7F9259F5F5400677858 /* CategoryHome.swift */,
				7ACC5846259F666E009240A5 /* CategoryRow.swift */,
				7A0AFC9225A0A76D00724F8A /* CategoryItem.swift */,
			);
			path = Categories;
			sourceTree = "<group>";
		};
		7A6E437B256FB8E5003DEE18 = {
			isa = PBXGroup;
			children = (
				7A6E4386256FB8E5003DEE18 /* Landmarks */,
				7A6E4398256FB8E6003DEE18 /* LandmarksTests */,
				7A6E43A3256FB8E6003DEE18 /* LandmarksUITests */,
				7A6E4385256FB8E5003DEE18 /* Products */,
			);
			sourceTree = "<group>";
		};
		7A6E4385256FB8E5003DEE18 /* Products */ = {
			isa = PBXGroup;
			children = (
				7A6E4384256FB8E5003DEE18 /* Landmarks.app */,
				7A6E4395256FB8E6003DEE18 /* LandmarksTests.xctest */,
				7A6E43A0256FB8E6003DEE18 /* LandmarksUITests.xctest */,
			);
			name = Products;
			sourceTree = "<group>";
		};
		7A6E4386256FB8E5003DEE18 /* Landmarks */ = {
			isa = PBXGroup;
			children = (
				7A6E4387256FB8E5003DEE18 /* LandmarksApp.swift */,
				7A10A7F8259F5F3800677858 /* Categories */,
				7AECD4DE259B4F6900193F42 /* Views */,
				7AECB04B256FCC1100204D91 /* Models */,
				7AAC82822570DA2900CB12E0 /* Resources */,
				7A6E438B256FB8E6003DEE18 /* Assets.xcassets */,
				7A6E4390256FB8E6003DEE18 /* Info.plist */,
				7A6E438D256FB8E6003DEE18 /* Preview Content */,
			);
			path = Landmarks;
			sourceTree = "<group>";
		};
		7A6E438D256FB8E6003DEE18 /* Preview Content */ = {
			isa = PBXGroup;
			children = (
				7A6E438E256FB8E6003DEE18 /* Preview Assets.xcassets */,
			);
			path = "Preview Content";
			sourceTree = "<group>";
		};
		7A6E4398256FB8E6003DEE18 /* LandmarksTests */ = {
			isa = PBXGroup;
			children = (
				7A6E4399256FB8E6003DEE18 /* LandmarksTests.swift */,
				7A6E439B256FB8E6003DEE18 /* Info.plist */,
			);
			path = LandmarksTests;
			sourceTree = "<group>";
		};
		7A6E43A3256FB8E6003DEE18 /* LandmarksUITests */ = {
			isa = PBXGroup;
			children = (
				7A6E43A4256FB8E6003DEE18 /* LandmarksUITests.swift */,
				7A6E43A6256FB8E6003DEE18 /* Info.plist */,
			);
			path = LandmarksUITests;
			sourceTree = "<group>";
		};
		7AAC82822570DA2900CB12E0 /* Resources */ = {
			isa = PBXGroup;
			children = (
				7A0AFCDC25A1F64300724F8A /* hikeData.json */,
				7A0AFC8D25A0A52D00724F8A /* landmarkData.json */,
				7A0AFC7925A0A08E00724F8A /* Contents.json */,
			);
			path = Resources;
			sourceTree = "<group>";
		};
		7AAEF904259B69580032B99F /* Landmarks */ = {
			isa = PBXGroup;
			children = (
				7AECD513259B59BC00193F42 /* LandmarkList.swift */,
				7A4D35EF257100EC004B2A6F /* LandmarkRow.swift */,
				7AAEF8FA259B5E890032B99F /* LandmarkDetail.swift */,
			);
			path = Landmarks;
			sourceTree = "<group>";
		};
		7AAEF905259B696B0032B99F /* Helpers */ = {
			isa = PBXGroup;
			children = (
				7A6E43BD256FBC75003DEE18 /* CircleImage.swift */,
				7A6E43C2256FC87B003DEE18 /* MapView.swift */,
				7AAEF8FF259B68EB0032B99F /* FavoriteButton.swift */,
			);
			path = Helpers;
			sourceTree = "<group>";
		};
		7AECB04B256FCC1100204D91 /* Models */ = {
			isa = PBXGroup;
			children = (
				7A0AFCCF25A1F57500724F8A /* Hike.swift */,
				7A0AFCD425A1F58900724F8A /* ModelData.swift */,
				7AAC827D2570DA0800CB12E0 /* Landmark.swift */,
				7A0AFC9725A1F0A100724F8A /* Profile.swift */,
			);
			path = Models;
			sourceTree = "<group>";
		};
		7AECD4DE259B4F6900193F42 /* Views */ = {
			isa = PBXGroup;
			children = (
				7AECD4E7259B50F800193F42 /* ContentView.swift */,
				7A0AFCB325A1F37A00724F8A /* Badges */,
				7A0AFCAA25A1F27A00724F8A /* Hikes */,
				7A0AFC9F25A1F0D100724F8A /* Profiles */,
				7AAEF905259B696B0032B99F /* Helpers */,
				7AAEF904259B69580032B99F /* Landmarks */,
			);
			path = Views;
			sourceTree = "<group>";
		};
/* End PBXGroup section */

/* Begin PBXNativeTarget section */
		7A6E4383256FB8E5003DEE18 /* Landmarks */ = {
			isa = PBXNativeTarget;
			buildConfigurationList = 7A6E43A9256FB8E6003DEE18 /* Build configuration list for PBXNativeTarget "Landmarks" */;
			buildPhases = (
				7A6E4380256FB8E5003DEE18 /* Sources */,
				7A6E4381256FB8E5003DEE18 /* Frameworks */,
				7A6E4382256FB8E5003DEE18 /* Resources */,
			);
			buildRules = (
			);
			dependencies = (
			);
			name = Landmarks;
			productName = Landmarks;
			productReference = 7A6E4384256FB8E5003DEE18 /* Landmarks.app */;
			productType = "com.apple.product-type.application";
		};
		7A6E4394256FB8E6003DEE18 /* LandmarksTests */ = {
			isa = PBXNativeTarget;
			buildConfigurationList = 7A6E43AC256FB8E6003DEE18 /* Build configuration list for PBXNativeTarget "LandmarksTests" */;
			buildPhases = (
				7A6E4391256FB8E6003DEE18 /* Sources */,
				7A6E4392256FB8E6003DEE18 /* Frameworks */,
				7A6E4393256FB8E6003DEE18 /* Resources */,
			);
			buildRules = (
			);
			dependencies = (
				7A6E4397256FB8E6003DEE18 /* PBXTargetDependency */,
			);
			name = LandmarksTests;
			productName = LandmarksTests;
			productReference = 7A6E4395256FB8E6003DEE18 /* LandmarksTests.xctest */;
			productType = "com.apple.product-type.bundle.unit-test";
		};
		7A6E439F256FB8E6003DEE18 /* LandmarksUITests */ = {
			isa = PBXNativeTarget;
			buildConfigurationList = 7A6E43AF256FB8E6003DEE18 /* Build configuration list for PBXNativeTarget "LandmarksUITests" */;
			buildPhases = (
				7A6E439C256FB8E6003DEE18 /* Sources */,
				7A6E439D256FB8E6003DEE18 /* Frameworks */,
				7A6E439E256FB8E6003DEE18 /* Resources */,
			);
			buildRules = (
			);
			dependencies = (
				7A6E43A2256FB8E6003DEE18 /* PBXTargetDependency */,
			);
			name = LandmarksUITests;
			productName = LandmarksUITests;
			productReference = 7A6E43A0256FB8E6003DEE18 /* LandmarksUITests.xctest */;
			productType = "com.apple.product-type.bundle.ui-testing";
		};
/* End PBXNativeTarget section */

/* Begin PBXProject section */
		7A6E437C256FB8E5003DEE18 /* Project object */ = {
			isa = PBXProject;
			attributes = {
				LastSwiftUpdateCheck = 1220;
				LastUpgradeCheck = 1220;
				TargetAttributes = {
					7A6E4383256FB8E5003DEE18 = {
						CreatedOnToolsVersion = 12.2;
					};
					7A6E4394256FB8E6003DEE18 = {
						CreatedOnToolsVersion = 12.2;
						TestTargetID = 7A6E4383256FB8E5003DEE18;
					};
					7A6E439F256FB8E6003DEE18 = {
						CreatedOnToolsVersion = 12.2;
						TestTargetID = 7A6E4383256FB8E5003DEE18;
					};
				};
			};
			buildConfigurationList = 7A6E437F256FB8E5003DEE18 /* Build configuration list for PBXProject "Landmarks" */;
			compatibilityVersion = "Xcode 9.3";
			developmentRegion = en;
			hasScannedForEncodings = 0;
			knownRegions = (
				en,
				Base,
			);
			mainGroup = 7A6E437B256FB8E5003DEE18;
			productRefGroup = 7A6E4385256FB8E5003DEE18 /* Products */;
			projectDirPath = "";
			projectRoot = "";
			targets = (
				7A6E4383256FB8E5003DEE18 /* Landmarks */,
				7A6E4394256FB8E6003DEE18 /* LandmarksTests */,
				7A6E439F256FB8E6003DEE18 /* LandmarksUITests */,
			);
		};
/* End PBXProject section */

/* Begin PBXResourcesBuildPhase section */
		7A6E4382256FB8E5003DEE18 /* Resources */ = {
			isa = PBXResourcesBuildPhase;
			buildActionMask = 2147483647;
			files = (
				7A6E438F256FB8E6003DEE18 /* Preview Assets.xcassets in Resources */,
				7A0AFC8E25A0A52D00724F8A /* landmarkData.json in Resources */,
				7A6E438C256FB8E6003DEE18 /* Assets.xcassets in Resources */,
				7A0AFC7A25A0A08E00724F8A /* Contents.json in Resources */,
				7A0AFCDD25A1F64400724F8A /* hikeData.json in Resources */,
			);
			runOnlyForDeploymentPostprocessing = 0;
		};
		7A6E4393256FB8E6003DEE18 /* Resources */ = {
			isa = PBXResourcesBuildPhase;
			buildActionMask = 2147483647;
			files = (
			);
			runOnlyForDeploymentPostprocessing = 0;
		};
		7A6E439E256FB8E6003DEE18 /* Resources */ = {
			isa = PBXResourcesBuildPhase;
			buildActionMask = 2147483647;
			files = (
			);
			runOnlyForDeploymentPostprocessing = 0;
		};
/* End PBXResourcesBuildPhase section */

/* Begin PBXSourcesBuildPhase section */
		7A6E4380256FB8E5003DEE18 /* Sources */ = {
			isa = PBXSourcesBuildPhase;
			buildActionMask = 2147483647;
			files = (
				7A0AFCBC25A1F38300724F8A /* HexagonParameters.swift in Sources */,
				7A6E43C3256FC87B003DEE18 /* MapView.swift in Sources */,
				7A4D35F0257100EC004B2A6F /* LandmarkRow.swift in Sources */,
				7A0AFCA125A1F0E300724F8A /* ProfileHost.swift in Sources */,
				7AAEF900259B68EB0032B99F /* FavoriteButton.swift in Sources */,
				7A10A7FA259F5F5400677858 /* CategoryHome.swift in Sources */,
				7AECD514259B59BC00193F42 /* LandmarkList.swift in Sources */,
				7A0AFCC825A1F55700724F8A /* HikeGraph.swift in Sources */,
				7AAEF8FB259B5E890032B99F /* LandmarkDetail.swift in Sources */,
				7AECD4E8259B50F800193F42 /* ContentView.swift in Sources */,
				7A0AFCAC25A1F28D00724F8A /* HikeBadge.swift in Sources */,
				7A0AFC9325A0A76D00724F8A /* CategoryItem.swift in Sources */,
				7A0AFCD525A1F58900724F8A /* ModelData.swift in Sources */,
				7A6E4388256FB8E5003DEE18 /* LandmarksApp.swift in Sources */,
				7A0AFCBD25A1F38300724F8A /* RotatedBadgeSymbol.swift in Sources */,
				7A0AFCD025A1F57500724F8A /* Hike.swift in Sources */,
				7A6E43BE256FBC75003DEE18 /* CircleImage.swift in Sources */,
				7A0AFCCB25A1F55700724F8A /* GraphCapsule.swift in Sources */,
				7A0AFCE225A1F8D100724F8A /* ProfileEditor.swift in Sources */,
				7A0AFCBB25A1F38300724F8A /* BadgeSymbol.swift in Sources */,
				7A0AFCB925A1F38300724F8A /* BadgeBackground.swift in Sources */,
				7A0AFCCA25A1F55700724F8A /* HikeView.swift in Sources */,
				7A0AFC9825A1F0A100724F8A /* Profile.swift in Sources */,
				7ACC5847259F666E009240A5 /* CategoryRow.swift in Sources */,
				7A0AFCA625A1F13E00724F8A /* ProfileSummary.swift in Sources */,
				7AAC827E2570DA0800CB12E0 /* Landmark.swift in Sources */,
				7A0AFCBA25A1F38300724F8A /* Badge.swift in Sources */,
				7A0AFCC925A1F55700724F8A /* HikeDetail.swift in Sources */,
			);
			runOnlyForDeploymentPostprocessing = 0;
		};
		7A6E4391256FB8E6003DEE18 /* Sources */ = {
			isa = PBXSourcesBuildPhase;
			buildActionMask = 2147483647;
			files = (
				7A6E439A256FB8E6003DEE18 /* LandmarksTests.swift in Sources */,
			);
			runOnlyForDeploymentPostprocessing = 0;
		};
		7A6E439C256FB8E6003DEE18 /* Sources */ = {
			isa = PBXSourcesBuildPhase;
			buildActionMask = 2147483647;
			files = (
				7A6E43A5256FB8E6003DEE18 /* LandmarksUITests.swift in Sources */,
			);
			runOnlyForDeploymentPostprocessing = 0;
		};
/* End PBXSourcesBuildPhase section */

/* Begin PBXTargetDependency section */
		7A6E4397256FB8E6003DEE18 /* PBXTargetDependency */ = {
			isa = PBXTargetDependency;
			target = 7A6E4383256FB8E5003DEE18 /* Landmarks */;
			targetProxy = 7A6E4396256FB8E6003DEE18 /* PBXContainerItemProxy */;
		};
		7A6E43A2256FB8E6003DEE18 /* PBXTargetDependency */ = {
			isa = PBXTargetDependency;
			target = 7A6E4383256FB8E5003DEE18 /* Landmarks */;
			targetProxy = 7A6E43A1256FB8E6003DEE18 /* PBXContainerItemProxy */;
		};
/* End PBXTargetDependency section */

/* Begin XCBuildConfiguration section */
		7A6E43A7256FB8E6003DEE18 /* Debug */ = {
			isa = XCBuildConfiguration;
			buildSettings = {
				ALWAYS_SEARCH_USER_PATHS = NO;
				CLANG_ANALYZER_NONNULL = YES;
				CLANG_ANALYZER_NUMBER_OBJECT_CONVERSION = YES_AGGRESSIVE;
				CLANG_CXX_LANGUAGE_STANDARD = "gnu++14";
				CLANG_CXX_LIBRARY = "libc++";
				CLANG_ENABLE_MODULES = YES;
				CLANG_ENABLE_OBJC_ARC = YES;
				CLANG_ENABLE_OBJC_WEAK = YES;
				CLANG_WARN_BLOCK_CAPTURE_AUTORELEASING = YES;
				CLANG_WARN_BOOL_CONVERSION = YES;
				CLANG_WARN_COMMA = YES;
				CLANG_WARN_CONSTANT_CONVERSION = YES;
				CLANG_WARN_DEPRECATED_OBJC_IMPLEMENTATIONS = YES;
				CLANG_WARN_DIRECT_OBJC_ISA_USAGE = YES_ERROR;
				CLANG_WARN_DOCUMENTATION_COMMENTS = YES;
				CLANG_WARN_EMPTY_BODY = YES;
				CLANG_WARN_ENUM_CONVERSION = YES;
				CLANG_WARN_INFINITE_RECURSION = YES;
				CLANG_WARN_INT_CONVERSION = YES;
				CLANG_WARN_NON_LITERAL_NULL_CONVERSION = YES;
				CLANG_WARN_OBJC_IMPLICIT_RETAIN_SELF = YES;
				CLANG_WARN_OBJC_LITERAL_CONVERSION = YES;
				CLANG_WARN_OBJC_ROOT_CLASS = YES_ERROR;
				CLANG_WARN_QUOTED_INCLUDE_IN_FRAMEWORK_HEADER = YES;
				CLANG_WARN_RANGE_LOOP_ANALYSIS = YES;
				CLANG_WARN_STRICT_PROTOTYPES = YES;
				CLANG_WARN_SUSPICIOUS_MOVE = YES;
				CLANG_WARN_UNGUARDED_AVAILABILITY = YES_AGGRESSIVE;
				CLANG_WARN_UNREACHABLE_CODE = YES;
				CLANG_WARN__DUPLICATE_METHOD_MATCH = YES;
				COPY_PHASE_STRIP = NO;
				DEBUG_INFORMATION_FORMAT = dwarf;
				ENABLE_STRICT_OBJC_MSGSEND = YES;
				ENABLE_TESTABILITY = YES;
				GCC_C_LANGUAGE_STANDARD = gnu11;
				GCC_DYNAMIC_NO_PIC = NO;
				GCC_NO_COMMON_BLOCKS = YES;
				GCC_OPTIMIZATION_LEVEL = 0;
				GCC_PREPROCESSOR_DEFINITIONS = (
					"DEBUG=1",
					"$(inherited)",
				);
				GCC_WARN_64_TO_32_BIT_CONVERSION = YES;
				GCC_WARN_ABOUT_RETURN_TYPE = YES_ERROR;
				GCC_WARN_UNDECLARED_SELECTOR = YES;
				GCC_WARN_UNINITIALIZED_AUTOS = YES_AGGRESSIVE;
				GCC_WARN_UNUSED_FUNCTION = YES;
				GCC_WARN_UNUSED_VARIABLE = YES;
				IPHONEOS_DEPLOYMENT_TARGET = 14.2;
				MTL_ENABLE_DEBUG_INFO = INCLUDE_SOURCE;
				MTL_FAST_MATH = YES;
				ONLY_ACTIVE_ARCH = YES;
				SDKROOT = iphoneos;
				SWIFT_ACTIVE_COMPILATION_CONDITIONS = DEBUG;
				SWIFT_OPTIMIZATION_LEVEL = "-Onone";
			};
			name = Debug;
		};
		7A6E43A8256FB8E6003DEE18 /* Release */ = {
			isa = XCBuildConfiguration;
			buildSettings = {
				ALWAYS_SEARCH_USER_PATHS = NO;
				CLANG_ANALYZER_NONNULL = YES;
				CLANG_ANALYZER_NUMBER_OBJECT_CONVERSION = YES_AGGRESSIVE;
				CLANG_CXX_LANGUAGE_STANDARD = "gnu++14";
				CLANG_CXX_LIBRARY = "libc++";
				CLANG_ENABLE_MODULES = YES;
				CLANG_ENABLE_OBJC_ARC = YES;
				CLANG_ENABLE_OBJC_WEAK = YES;
				CLANG_WARN_BLOCK_CAPTURE_AUTORELEASING = YES;
				CLANG_WARN_BOOL_CONVERSION = YES;
				CLANG_WARN_COMMA = YES;
				CLANG_WARN_CONSTANT_CONVERSION = YES;
				CLANG_WARN_DEPRECATED_OBJC_IMPLEMENTATIONS = YES;
				CLANG_WARN_DIRECT_OBJC_ISA_USAGE = YES_ERROR;
				CLANG_WARN_DOCUMENTATION_COMMENTS = YES;
				CLANG_WARN_EMPTY_BODY = YES;
				CLANG_WARN_ENUM_CONVERSION = YES;
				CLANG_WARN_INFINITE_RECURSION = YES;
				CLANG_WARN_INT_CONVERSION = YES;
				CLANG_WARN_NON_LITERAL_NULL_CONVERSION = YES;
				CLANG_WARN_OBJC_IMPLICIT_RETAIN_SELF = YES;
				CLANG_WARN_OBJC_LITERAL_CONVERSION = YES;
				CLANG_WARN_OBJC_ROOT_CLASS = YES_ERROR;
				CLANG_WARN_QUOTED_INCLUDE_IN_FRAMEWORK_HEADER = YES;
				CLANG_WARN_RANGE_LOOP_ANALYSIS = YES;
				CLANG_WARN_STRICT_PROTOTYPES = YES;
				CLANG_WARN_SUSPICIOUS_MOVE = YES;
				CLANG_WARN_UNGUARDED_AVAILABILITY = YES_AGGRESSIVE;
				CLANG_WARN_UNREACHABLE_CODE = YES;
				CLANG_WARN__DUPLICATE_METHOD_MATCH = YES;
				COPY_PHASE_STRIP = NO;
				DEBUG_INFORMATION_FORMAT = "dwarf-with-dsym";
				ENABLE_NS_ASSERTIONS = NO;
				ENABLE_STRICT_OBJC_MSGSEND = YES;
				GCC_C_LANGUAGE_STANDARD = gnu11;
				GCC_NO_COMMON_BLOCKS = YES;
				GCC_WARN_64_TO_32_BIT_CONVERSION = YES;
				GCC_WARN_ABOUT_RETURN_TYPE = YES_ERROR;
				GCC_WARN_UNDECLARED_SELECTOR = YES;
				GCC_WARN_UNINITIALIZED_AUTOS = YES_AGGRESSIVE;
				GCC_WARN_UNUSED_FUNCTION = YES;
				GCC_WARN_UNUSED_VARIABLE = YES;
				IPHONEOS_DEPLOYMENT_TARGET = 14.2;
				MTL_ENABLE_DEBUG_INFO = NO;
				MTL_FAST_MATH = YES;
				SDKROOT = iphoneos;
				SWIFT_COMPILATION_MODE = wholemodule;
				SWIFT_OPTIMIZATION_LEVEL = "-O";
				VALIDATE_PRODUCT = YES;
			};
			name = Release;
		};
		7A6E43AA256FB8E6003DEE18 /* Debug */ = {
			isa = XCBuildConfiguration;
			buildSettings = {
				ASSETCATALOG_COMPILER_APPICON_NAME = AppIcon;
				ASSETCATALOG_COMPILER_GLOBAL_ACCENT_COLOR_NAME = AccentColor;
				CODE_SIGN_STYLE = Automatic;
				DEVELOPMENT_ASSET_PATHS = "\"Landmarks/Preview Content\"";
				ENABLE_PREVIEWS = YES;
				INFOPLIST_FILE = Landmarks/Info.plist;
				IPHONEOS_DEPLOYMENT_TARGET = 14.0;
				LD_RUNPATH_SEARCH_PATHS = (
					"$(inherited)",
					"@executable_path/Frameworks",
				);
				PRODUCT_BUNDLE_IDENTIFIER = kr.ac.jbnu.Landmarks;
				PRODUCT_NAME = "$(TARGET_NAME)";
				SWIFT_VERSION = 5.0;
				TARGETED_DEVICE_FAMILY = "1,2";
			};
			name = Debug;
		};
		7A6E43AB256FB8E6003DEE18 /* Release */ = {
			isa = XCBuildConfiguration;
			buildSettings = {
				ASSETCATALOG_COMPILER_APPICON_NAME = AppIcon;
				ASSETCATALOG_COMPILER_GLOBAL_ACCENT_COLOR_NAME = AccentColor;
				CODE_SIGN_STYLE = Automatic;
				DEVELOPMENT_ASSET_PATHS = "\"Landmarks/Preview Content\"";
				ENABLE_PREVIEWS = YES;
				INFOPLIST_FILE = Landmarks/Info.plist;
				IPHONEOS_DEPLOYMENT_TARGET = 14.0;
				LD_RUNPATH_SEARCH_PATHS = (
					"$(inherited)",
					"@executable_path/Frameworks",
				);
				PRODUCT_BUNDLE_IDENTIFIER = kr.ac.jbnu.Landmarks;
				PRODUCT_NAME = "$(TARGET_NAME)";
				SWIFT_VERSION = 5.0;
				TARGETED_DEVICE_FAMILY = "1,2";
			};
			name = Release;
		};
		7A6E43AD256FB8E6003DEE18 /* Debug */ = {
			isa = XCBuildConfiguration;
			buildSettings = {
				ALWAYS_EMBED_SWIFT_STANDARD_LIBRARIES = YES;
				BUNDLE_LOADER = "$(TEST_HOST)";
				CODE_SIGN_STYLE = Automatic;
				INFOPLIST_FILE = LandmarksTests/Info.plist;
				IPHONEOS_DEPLOYMENT_TARGET = 14.0;
				LD_RUNPATH_SEARCH_PATHS = (
					"$(inherited)",
					"@executable_path/Frameworks",
					"@loader_path/Frameworks",
				);
				PRODUCT_BUNDLE_IDENTIFIER = kr.ac.jbnu.LandmarksTests;
				PRODUCT_NAME = "$(TARGET_NAME)";
				SWIFT_VERSION = 5.0;
				TARGETED_DEVICE_FAMILY = "1,2";
				TEST_HOST = "$(BUILT_PRODUCTS_DIR)/Landmarks.app/Landmarks";
			};
			name = Debug;
		};
		7A6E43AE256FB8E6003DEE18 /* Release */ = {
			isa = XCBuildConfiguration;
			buildSettings = {
				ALWAYS_EMBED_SWIFT_STANDARD_LIBRARIES = YES;
				BUNDLE_LOADER = "$(TEST_HOST)";
				CODE_SIGN_STYLE = Automatic;
				INFOPLIST_FILE = LandmarksTests/Info.plist;
				IPHONEOS_DEPLOYMENT_TARGET = 14.0;
				LD_RUNPATH_SEARCH_PATHS = (
					"$(inherited)",
					"@executable_path/Frameworks",
					"@loader_path/Frameworks",
				);
				PRODUCT_BUNDLE_IDENTIFIER = kr.ac.jbnu.LandmarksTests;
				PRODUCT_NAME = "$(TARGET_NAME)";
				SWIFT_VERSION = 5.0;
				TARGETED_DEVICE_FAMILY = "1,2";
				TEST_HOST = "$(BUILT_PRODUCTS_DIR)/Landmarks.app/Landmarks";
			};
			name = Release;
		};
		7A6E43B0256FB8E6003DEE18 /* Debug */ = {
			isa = XCBuildConfiguration;
			buildSettings = {
				ALWAYS_EMBED_SWIFT_STANDARD_LIBRARIES = YES;
				CODE_SIGN_STYLE = Automatic;
				INFOPLIST_FILE = LandmarksUITests/Info.plist;
				LD_RUNPATH_SEARCH_PATHS = (
					"$(inherited)",
					"@executable_path/Frameworks",
					"@loader_path/Frameworks",
				);
				PRODUCT_BUNDLE_IDENTIFIER = kr.ac.jbnu.LandmarksUITests;
				PRODUCT_NAME = "$(TARGET_NAME)";
				SWIFT_VERSION = 5.0;
				TARGETED_DEVICE_FAMILY = "1,2";
				TEST_TARGET_NAME = Landmarks;
			};
			name = Debug;
		};
		7A6E43B1256FB8E6003DEE18 /* Release */ = {
			isa = XCBuildConfiguration;
			buildSettings = {
				ALWAYS_EMBED_SWIFT_STANDARD_LIBRARIES = YES;
				CODE_SIGN_STYLE = Automatic;
				INFOPLIST_FILE = LandmarksUITests/Info.plist;
				LD_RUNPATH_SEARCH_PATHS = (
					"$(inherited)",
					"@executable_path/Frameworks",
					"@loader_path/Frameworks",
				);
				PRODUCT_BUNDLE_IDENTIFIER = kr.ac.jbnu.LandmarksUITests;
				PRODUCT_NAME = "$(TARGET_NAME)";
				SWIFT_VERSION = 5.0;
				TARGETED_DEVICE_FAMILY = "1,2";
				TEST_TARGET_NAME = Landmarks;
			};
			name = Release;
		};
/* End XCBuildConfiguration section */

/* Begin XCConfigurationList section */
		7A6E437F256FB8E5003DEE18 /* Build configuration list for PBXProject "Landmarks" */ = {
			isa = XCConfigurationList;
			buildConfigurations = (
				7A6E43A7256FB8E6003DEE18 /* Debug */,
				7A6E43A8256FB8E6003DEE18 /* Release */,
			);
			defaultConfigurationIsVisible = 0;
			defaultConfigurationName = Release;
		};
		7A6E43A9256FB8E6003DEE18 /* Build configuration list for PBXNativeTarget "Landmarks" */ = {
			isa = XCConfigurationList;
			buildConfigurations = (
				7A6E43AA256FB8E6003DEE18 /* Debug */,
				7A6E43AB256FB8E6003DEE18 /* Release */,
			);
			defaultConfigurationIsVisible = 0;
			defaultConfigurationName = Release;
		};
		7A6E43AC256FB8E6003DEE18 /* Build configuration list for PBXNativeTarget "LandmarksTests" */ = {
			isa = XCConfigurationList;
			buildConfigurations = (
				7A6E43AD256FB8E6003DEE18 /* Debug */,
				7A6E43AE256FB8E6003DEE18 /* Release */,
			);
			defaultConfigurationIsVisible = 0;
			defaultConfigurationName = Release;
		};
		7A6E43AF256FB8E6003DEE18 /* Build configuration list for PBXNativeTarget "LandmarksUITests" */ = {
			isa = XCConfigurationList;
			buildConfigurations = (
				7A6E43B0256FB8E6003DEE18 /* Debug */,
				7A6E43B1256FB8E6003DEE18 /* Release */,
			);
			defaultConfigurationIsVisible = 0;
			defaultConfigurationName = Release;
		};
/* End XCConfigurationList section */
	};
	rootObject = 7A6E437C256FB8E5003DEE18 /* Project object */;
}
